
Microsoft Visual Studio Solution File, Format Version 12.00
# Visual Studio 15
VisualStudioVersion = 15.0.26730.12
MinimumVisualStudioVersion = 10.0.40219.1
Project("{9092AA53-FB77-4645-B42D-1CCCA6BD08BD}") = "Twitch-overlay", "Twitch-overlay.njsproj", "{1901B72C-D8F8-46EB-A75B-7A8F8B327638}"
EndProject
Global
	GlobalSection(SolutionConfigurationPlatforms) = preSolution
		Debug|Any CPU = Debug|Any CPU
		Release|Any CPU = Release|Any CPU
	EndGlobalSection
	GlobalSection(ProjectConfigurationPlatforms) = postSolution
		{1901B72C-D8F8-46EB-A75B-7A8F8B327638}.Debug|Any CPU.ActiveCfg = Debug|Any CPU
		{1901B72C-D8F8-46EB-A75B-7A8F8B327638}.Debug|Any CPU.Build.0 = Debug|Any CPU
		{1901B72C-D8F8-46EB-A75B-7A8F8B327638}.Release|Any CPU.ActiveCfg = Release|Any CPU
		{1901B72C-D8F8-46EB-A75B-7A8F8B327638}.Release|Any CPU.Build.0 = Release|Any CPU
	EndGlobalSection
	GlobalSection(SolutionProperties) = preSolution
		HideSolutionNode = FALSE
	EndGlobalSection
	GlobalSection(ExtensibilityGlobals) = postSolution
		SolutionGuid = {55C2CF62-5452-46F5-B934-A69DEA90A93F}
	EndGlobalSection
EndGlobal
